// !$*UTF8*$!
{
	archiveVersion = 1;
	classes = {
	};
	objectVersion = 55;
	objects = {

/* Begin PBXBuildFile section */
		EEDAF2CD282EA0B900768A69 /* eSportsApp.swift in Sources */ = {isa = PBXBuildFile; fileRef = EEDAF2CC282EA0B900768A69 /* eSportsApp.swift */; };
		EEDAF2CF282EA0B900768A69 /* ContentView.swift in Sources */ = {isa = PBXBuildFile; fileRef = EEDAF2CE282EA0B900768A69 /* ContentView.swift */; };
		EEDAF2D1282EA0BA00768A69 /* Assets.xcassets in Resources */ = {isa = PBXBuildFile; fileRef = EEDAF2D0282EA0BA00768A69 /* Assets.xcassets */; };
		EEDAF2D4282EA0BA00768A69 /* Preview Assets.xcassets in Resources */ = {isa = PBXBuildFile; fileRef = EEDAF2D3282EA0BA00768A69 /* Preview Assets.xcassets */; };
		EEDAF2EF282EFA0100768A69 /* MainView.swift in Sources */ = {isa = PBXBuildFile; fileRef = EEDAF2EE282EFA0100768A69 /* MainView.swift */; };
		EEDAF2F3282EFAD900768A69 /* TeamsView.swift in Sources */ = {isa = PBXBuildFile; fileRef = EEDAF2F2282EFAD900768A69 /* TeamsView.swift */; };
		EEDAF2F7282EFCDB00768A69 /* PlayersView.swift in Sources */ = {isa = PBXBuildFile; fileRef = EEDAF2F6282EFCDB00768A69 /* PlayersView.swift */; };
		EEDAF2FA282F031800768A69 /* TeamsViewModel.swift in Sources */ = {isa = PBXBuildFile; fileRef = EEDAF2F9282F031800768A69 /* TeamsViewModel.swift */; };
		EEDAF2FD282F04B900768A69 /* Alamofire in Frameworks */ = {isa = PBXBuildFile; productRef = EEDAF2FC282F04B900768A69 /* Alamofire */; };
/* End PBXBuildFile section */

/* Begin PBXFileReference section */
		EEDAF2C9282EA0B900768A69 /* eSports.app */ = {isa = PBXFileReference; explicitFileType = wrapper.application; includeInIndex = 0; path = eSports.app; sourceTree = BUILT_PRODUCTS_DIR; };
		EEDAF2CC282EA0B900768A69 /* eSportsApp.swift */ = {isa = PBXFileReference; lastKnownFileType = sourcecode.swift; path = eSportsApp.swift; sourceTree = "<group>"; };
		EEDAF2CE282EA0B900768A69 /* ContentView.swift */ = {isa = PBXFileReference; lastKnownFileType = sourcecode.swift; path = ContentView.swift; sourceTree = "<group>"; };
		EEDAF2D0282EA0BA00768A69 /* Assets.xcassets */ = {isa = PBXFileReference; lastKnownFileType = folder.assetcatalog; path = Assets.xcassets; sourceTree = "<group>"; };
		EEDAF2D3282EA0BA00768A69 /* Preview Assets.xcassets */ = {isa = PBXFileReference; lastKnownFileType = folder.assetcatalog; path = "Preview Assets.xcassets"; sourceTree = "<group>"; };
		EEDAF2EE282EFA0100768A69 /* MainView.swift */ = {isa = PBXFileReference; lastKnownFileType = sourcecode.swift; path = MainView.swift; sourceTree = "<group>"; };
		EEDAF2F2282EFAD900768A69 /* TeamsView.swift */ = {isa = PBXFileReference; lastKnownFileType = sourcecode.swift; path = TeamsView.swift; sourceTree = "<group>"; };
		EEDAF2F6282EFCDB00768A69 /* PlayersView.swift */ = {isa = PBXFileReference; lastKnownFileType = sourcecode.swift; path = PlayersView.swift; sourceTree = "<group>"; };
		EEDAF2F9282F031800768A69 /* TeamsViewModel.swift */ = {isa = PBXFileReference; lastKnownFileType = sourcecode.swift; path = TeamsViewModel.swift; sourceTree = "<group>"; };
/* End PBXFileReference section */

/* Begin PBXFrameworksBuildPhase section */
		EEDAF2C6282EA0B800768A69 /* Frameworks */ = {
			isa = PBXFrameworksBuildPhase;
			buildActionMask = 2147483647;
			files = (
				EEDAF2FD282F04B900768A69 /* Alamofire in Frameworks */,
			);
			runOnlyForDeploymentPostprocessing = 0;
		};
/* End PBXFrameworksBuildPhase section */

/* Begin PBXGroup section */
		EEDAF2C0282EA0B800768A69 = {
			isa = PBXGroup;
			children = (
				EEDAF2CB282EA0B900768A69 /* eSports */,
				EEDAF2CA282EA0B900768A69 /* Products */,
			);
			sourceTree = "<group>";
		};
		EEDAF2CA282EA0B900768A69 /* Products */ = {
			isa = PBXGroup;
			children = (
				EEDAF2C9282EA0B900768A69 /* eSports.app */,
			);
			name = Products;
			sourceTree = "<group>";
		};
		EEDAF2CB282EA0B900768A69 /* eSports */ = {
			isa = PBXGroup;
			children = (
				EEDAF2EB282EF9C600768A69 /* feature */,
				EEDAF2CC282EA0B900768A69 /* eSportsApp.swift */,
				EEDAF2CE282EA0B900768A69 /* ContentView.swift */,
				EEDAF2D0282EA0BA00768A69 /* Assets.xcassets */,
				EEDAF2D2282EA0BA00768A69 /* Preview Content */,
			);
			path = eSports;
			sourceTree = "<group>";
		};
		EEDAF2D2282EA0BA00768A69 /* Preview Content */ = {
			isa = PBXGroup;
			children = (
				EEDAF2D3282EA0BA00768A69 /* Preview Assets.xcassets */,
			);
			path = "Preview Content";
			sourceTree = "<group>";
		};
		EEDAF2EB282EF9C600768A69 /* feature */ = {
			isa = PBXGroup;
			children = (
				EEDAF2F4282EFCC700768A69 /* players */,
				EEDAF2F0282EFAC500768A69 /* teams */,
				EEDAF2EC282EF9EC00768A69 /* main */,
			);
			path = feature;
			sourceTree = "<group>";
		};
		EEDAF2EC282EF9EC00768A69 /* main */ = {
			isa = PBXGroup;
			children = (
				EEDAF2ED282EF9F200768A69 /* views */,
			);
			path = main;
			sourceTree = "<group>";
		};
		EEDAF2ED282EF9F200768A69 /* views */ = {
			isa = PBXGroup;
			children = (
				EEDAF2EE282EFA0100768A69 /* MainView.swift */,
			);
			path = views;
			sourceTree = "<group>";
		};
		EEDAF2F0282EFAC500768A69 /* teams */ = {
			isa = PBXGroup;
			children = (
				EEDAF2F8282F030C00768A69 /* viewmodel */,
				EEDAF2F1282EFACF00768A69 /* views */,
			);
			path = teams;
			sourceTree = "<group>";
		};
		EEDAF2F1282EFACF00768A69 /* views */ = {
			isa = PBXGroup;
			children = (
				EEDAF2F2282EFAD900768A69 /* TeamsView.swift */,
			);
			path = views;
			sourceTree = "<group>";
		};
		EEDAF2F4282EFCC700768A69 /* players */ = {
			isa = PBXGroup;
			children = (
				EEDAF2F5282EFCD100768A69 /* views */,
			);
			path = players;
			sourceTree = "<group>";
		};
		EEDAF2F5282EFCD100768A69 /* views */ = {
			isa = PBXGroup;
			children = (
				EEDAF2F6282EFCDB00768A69 /* PlayersView.swift */,
			);
			path = views;
			sourceTree = "<group>";
		};
		EEDAF2F8282F030C00768A69 /* viewmodel */ = {
			isa = PBXGroup;
			children = (
				EEDAF2F9282F031800768A69 /* TeamsViewModel.swift */,
			);
			path = viewmodel;
			sourceTree = "<group>";
		};
/* End PBXGroup section */

/* Begin PBXNativeTarget section */
		EEDAF2C8282EA0B800768A69 /* eSports */ = {
			isa = PBXNativeTarget;
			buildConfigurationList = EEDAF2D7282EA0BA00768A69 /* Build configuration list for PBXNativeTarget "eSports" */;
			buildPhases = (
				EEDAF2C5282EA0B800768A69 /* Sources */,
				EEDAF2C6282EA0B800768A69 /* Frameworks */,
				EEDAF2C7282EA0B800768A69 /* Resources */,
			);
			buildRules = (
			);
			dependencies = (
			);
			name = eSports;
			packageProductDependencies = (
				EEDAF2FC282F04B900768A69 /* Alamofire */,
			);
			productName = eSports;
			productReference = EEDAF2C9282EA0B900768A69 /* eSports.app */;
			productType = "com.apple.product-type.application";
		};
/* End PBXNativeTarget section */

/* Begin PBXProject section */
		EEDAF2C1282EA0B800768A69 /* Project object */ = {
			isa = PBXProject;
			attributes = {
				BuildIndependentTargetsInParallel = 1;
				LastSwiftUpdateCheck = 1320;
				LastUpgradeCheck = 1320;
				TargetAttributes = {
					EEDAF2C8282EA0B800768A69 = {
						CreatedOnToolsVersion = 13.2.1;
					};
				};
			};
			buildConfigurationList = EEDAF2C4282EA0B800768A69 /* Build configuration list for PBXProject "eSports" */;
			compatibilityVersion = "Xcode 13.0";
			developmentRegion = en;
			hasScannedForEncodings = 0;
			knownRegions = (
				en,
				Base,
			);
			mainGroup = EEDAF2C0282EA0B800768A69;
			packageReferences = (
				EEDAF2FB282F04B900768A69 /* XCRemoteSwiftPackageReference "Alamofire" */,
			);
			productRefGroup = EEDAF2CA282EA0B900768A69 /* Products */;
			projectDirPath = "";
			projectRoot = "";
			targets = (
				EEDAF2C8282EA0B800768A69 /* eSports */,
			);
		};
/* End PBXProject section */

/* Begin PBXResourcesBuildPhase section */
		EEDAF2C7282EA0B800768A69 /* Resources */ = {
			isa = PBXResourcesBuildPhase;
			buildActionMask = 2147483647;
			files = (
				EEDAF2D4282EA0BA00768A69 /* Preview Assets.xcassets in Resources */,
				EEDAF2D1282EA0BA00768A69 /* Assets.xcassets in Resources */,
			);
			runOnlyForDeploymentPostprocessing = 0;
		};
/* End PBXResourcesBuildPhase section */

/* Begin PBXSourcesBuildPhase section */
		EEDAF2C5282EA0B800768A69 /* Sources */ = {
			isa = PBXSourcesBuildPhase;
			buildActionMask = 2147483647;
			files = (
				EEDAF2F7282EFCDB00768A69 /* PlayersView.swift in Sources */,
				EEDAF2CF282EA0B900768A69 /* ContentView.swift in Sources */,
				EEDAF2EF282EFA0100768A69 /* MainView.swift in Sources */,
				EEDAF2CD282EA0B900768A69 /* eSportsApp.swift in Sources */,
				EEDAF2F3282EFAD900768A69 /* TeamsView.swift in Sources */,
				EEDAF2FA282F031800768A69 /* TeamsViewModel.swift in Sources */,
			);
			runOnlyForDeploymentPostprocessing = 0;
		};
/* End PBXSourcesBuildPhase section */

/* Begin XCBuildConfiguration section */
		EEDAF2D5282EA0BA00768A69 /* Debug */ = {
			isa = XCBuildConfiguration;
			buildSettings = {
				ALWAYS_SEARCH_USER_PATHS = NO;
				CLANG_ANALYZER_NONNULL = YES;
				CLANG_ANALYZER_NUMBER_OBJECT_CONVERSION = YES_AGGRESSIVE;
				CLANG_CXX_LANGUAGE_STANDARD = "gnu++17";
				CLANG_CXX_LIBRARY = "libc++";
				CLANG_ENABLE_MODULES = YES;
				CLANG_ENABLE_OBJC_ARC = YES;
				CLANG_ENABLE_OBJC_WEAK = YES;
				CLANG_WARN_BLOCK_CAPTURE_AUTORELEASING = YES;
				CLANG_WARN_BOOL_CONVERSION = YES;
				CLANG_WARN_COMMA = YES;
				CLANG_WARN_CONSTANT_CONVERSION = YES;
				CLANG_WARN_DEPRECATED_OBJC_IMPLEMENTATIONS = YES;
				CLANG_WARN_DIRECT_OBJC_ISA_USAGE = YES_ERROR;
				CLANG_WARN_DOCUMENTATION_COMMENTS = YES;
				CLANG_WARN_EMPTY_BODY = YES;
				CLANG_WARN_ENUM_CONVERSION = YES;
				CLANG_WARN_INFINITE_RECURSION = YES;
				CLANG_WARN_INT_CONVERSION = YES;
				CLANG_WARN_NON_LITERAL_NULL_CONVERSION = YES;
				CLANG_WARN_OBJC_IMPLICIT_RETAIN_SELF = YES;
				CLANG_WARN_OBJC_LITERAL_CONVERSION = YES;
				CLANG_WARN_OBJC_ROOT_CLASS = YES_ERROR;
				CLANG_WARN_QUOTED_INCLUDE_IN_FRAMEWORK_HEADER = YES;
				CLANG_WARN_RANGE_LOOP_ANALYSIS = YES;
				CLANG_WARN_STRICT_PROTOTYPES = YES;
				CLANG_WARN_SUSPICIOUS_MOVE = YES;
				CLANG_WARN_UNGUARDED_AVAILABILITY = YES_AGGRESSIVE;
				CLANG_WARN_UNREACHABLE_CODE = YES;
				CLANG_WARN__DUPLICATE_METHOD_MATCH = YES;
				COPY_PHASE_STRIP = NO;
				DEBUG_INFORMATION_FORMAT = dwarf;
				ENABLE_STRICT_OBJC_MSGSEND = YES;
				ENABLE_TESTABILITY = YES;
				GCC_C_LANGUAGE_STANDARD = gnu11;
				GCC_DYNAMIC_NO_PIC = NO;
				GCC_NO_COMMON_BLOCKS = YES;
				GCC_OPTIMIZATION_LEVEL = 0;
				GCC_PREPROCESSOR_DEFINITIONS = (
					"DEBUG=1",
					"$(inherited)",
				);
				GCC_WARN_64_TO_32_BIT_CONVERSION = YES;
				GCC_WARN_ABOUT_RETURN_TYPE = YES_ERROR;
				GCC_WARN_UNDECLARED_SELECTOR = YES;
				GCC_WARN_UNINITIALIZED_AUTOS = YES_AGGRESSIVE;
				GCC_WARN_UNUSED_FUNCTION = YES;
				GCC_WARN_UNUSED_VARIABLE = YES;
				IPHONEOS_DEPLOYMENT_TARGET = 15.2;
				MTL_ENABLE_DEBUG_INFO = INCLUDE_SOURCE;
				MTL_FAST_MATH = YES;
				ONLY_ACTIVE_ARCH = YES;
				SDKROOT = iphoneos;
				SWIFT_ACTIVE_COMPILATION_CONDITIONS = DEBUG;
				SWIFT_OPTIMIZATION_LEVEL = "-Onone";
			};
			name = Debug;
		};
		EEDAF2D6282EA0BA00768A69 /* Release */ = {
			isa = XCBuildConfiguration;
			buildSettings = {
				ALWAYS_SEARCH_USER_PATHS = NO;
				CLANG_ANALYZER_NONNULL = YES;
				CLANG_ANALYZER_NUMBER_OBJECT_CONVERSION = YES_AGGRESSIVE;
				CLANG_CXX_LANGUAGE_STANDARD = "gnu++17";
				CLANG_CXX_LIBRARY = "libc++";
				CLANG_ENABLE_MODULES = YES;
				CLANG_ENABLE_OBJC_ARC = YES;
				CLANG_ENABLE_OBJC_WEAK = YES;
				CLANG_WARN_BLOCK_CAPTURE_AUTORELEASING = YES;
				CLANG_WARN_BOOL_CONVERSION = YES;
				CLANG_WARN_COMMA = YES;
				CLANG_WARN_CONSTANT_CONVERSION = YES;
				CLANG_WARN_DEPRECATED_OBJC_IMPLEMENTATIONS = YES;
				CLANG_WARN_DIRECT_OBJC_ISA_USAGE = YES_ERROR;
				CLANG_WARN_DOCUMENTATION_COMMENTS = YES;
				CLANG_WARN_EMPTY_BODY = YES;
				CLANG_WARN_ENUM_CONVERSION = YES;
				CLANG_WARN_INFINITE_RECURSION = YES;
				CLANG_WARN_INT_CONVERSION = YES;
				CLANG_WARN_NON_LITERAL_NULL_CONVERSION = YES;
				CLANG_WARN_OBJC_IMPLICIT_RETAIN_SELF = YES;
				CLANG_WARN_OBJC_LITERAL_CONVERSION = YES;
				CLANG_WARN_OBJC_ROOT_CLASS = YES_ERROR;
				CLANG_WARN_QUOTED_INCLUDE_IN_FRAMEWORK_HEADER = YES;
				CLANG_WARN_RANGE_LOOP_ANALYSIS = YES;
				CLANG_WARN_STRICT_PROTOTYPES = YES;
				CLANG_WARN_SUSPICIOUS_MOVE = YES;
				CLANG_WARN_UNGUARDED_AVAILABILITY = YES_AGGRESSIVE;
				CLANG_WARN_UNREACHABLE_CODE = YES;
				CLANG_WARN__DUPLICATE_METHOD_MATCH = YES;
				COPY_PHASE_STRIP = NO;
				DEBUG_INFORMATION_FORMAT = "dwarf-with-dsym";
				ENABLE_NS_ASSERTIONS = NO;
				ENABLE_STRICT_OBJC_MSGSEND = YES;
				GCC_C_LANGUAGE_STANDARD = gnu11;
				GCC_NO_COMMON_BLOCKS = YES;
				GCC_WARN_64_TO_32_BIT_CONVERSION = YES;
				GCC_WARN_ABOUT_RETURN_TYPE = YES_ERROR;
				GCC_WARN_UNDECLARED_SELECTOR = YES;
				GCC_WARN_UNINITIALIZED_AUTOS = YES_AGGRESSIVE;
				GCC_WARN_UNUSED_FUNCTION = YES;
				GCC_WARN_UNUSED_VARIABLE = YES;
				IPHONEOS_DEPLOYMENT_TARGET = 15.2;
				MTL_ENABLE_DEBUG_INFO = NO;
				MTL_FAST_MATH = YES;
				SDKROOT = iphoneos;
				SWIFT_COMPILATION_MODE = wholemodule;
				SWIFT_OPTIMIZATION_LEVEL = "-O";
				VALIDATE_PRODUCT = YES;
			};
			name = Release;
		};
		EEDAF2D8282EA0BA00768A69 /* Debug */ = {
			isa = XCBuildConfiguration;
			buildSettings = {
				ASSETCATALOG_COMPILER_APPICON_NAME = AppIcon;
				ASSETCATALOG_COMPILER_GLOBAL_ACCENT_COLOR_NAME = AccentColor;
				CODE_SIGN_STYLE = Automatic;
				CURRENT_PROJECT_VERSION = 1;
				DEVELOPMENT_ASSET_PATHS = "\"eSports/Preview Content\"";
				DEVELOPMENT_TEAM = FJ4YL6A97F;
				ENABLE_PREVIEWS = YES;
				GENERATE_INFOPLIST_FILE = YES;
				INFOPLIST_KEY_UIApplicationSceneManifest_Generation = YES;
				INFOPLIST_KEY_UIApplicationSupportsIndirectInputEvents = YES;
				INFOPLIST_KEY_UILaunchScreen_Generation = YES;
				INFOPLIST_KEY_UISupportedInterfaceOrientations_iPad = "UIInterfaceOrientationPortrait UIInterfaceOrientationPortraitUpsideDown UIInterfaceOrientationLandscapeLeft UIInterfaceOrientationLandscapeRight";
				INFOPLIST_KEY_UISupportedInterfaceOrientations_iPhone = "UIInterfaceOrientationPortrait UIInterfaceOrientationLandscapeLeft UIInterfaceOrientationLandscapeRight";
				LD_RUNPATH_SEARCH_PATHS = (
					"$(inherited)",
					"@executable_path/Frameworks",
				);
				MARKETING_VERSION = 1.0;
				PRODUCT_BUNDLE_IDENTIFIER = br.com.antoniohbmonteiro.eSports;
				PRODUCT_NAME = "$(TARGET_NAME)";
				SWIFT_EMIT_LOC_STRINGS = YES;
				SWIFT_VERSION = 5.0;
				TARGETED_DEVICE_FAMILY = "1,2";
			};
			name = Debug;
		};
		EEDAF2D9282EA0BA00768A69 /* Release */ = {
			isa = XCBuildConfiguration;
			buildSettings = {
				ASSETCATALOG_COMPILER_APPICON_NAME = AppIcon;
				ASSETCATALOG_COMPILER_GLOBAL_ACCENT_COLOR_NAME = AccentColor;
				CODE_SIGN_STYLE = Automatic;
				CURRENT_PROJECT_VERSION = 1;
				DEVELOPMENT_ASSET_PATHS = "\"eSports/Preview Content\"";
				DEVELOPMENT_TEAM = FJ4YL6A97F;
				ENABLE_PREVIEWS = YES;
				GENERATE_INFOPLIST_FILE = YES;
				INFOPLIST_KEY_UIApplicationSceneManifest_Generation = YES;
				INFOPLIST_KEY_UIApplicationSupportsIndirectInputEvents = YES;
				INFOPLIST_KEY_UILaunchScreen_Generation = YES;
				INFOPLIST_KEY_UISupportedInterfaceOrientations_iPad = "UIInterfaceOrientationPortrait UIInterfaceOrientationPortraitUpsideDown UIInterfaceOrientationLandscapeLeft UIInterfaceOrientationLandscapeRight";
				INFOPLIST_KEY_UISupportedInterfaceOrientations_iPhone = "UIInterfaceOrientationPortrait UIInterfaceOrientationLandscapeLeft UIInterfaceOrientationLandscapeRight";
				LD_RUNPATH_SEARCH_PATHS = (
					"$(inherited)",
					"@executable_path/Frameworks",
				);
				MARKETING_VERSION = 1.0;
				PRODUCT_BUNDLE_IDENTIFIER = br.com.antoniohbmonteiro.eSports;
				PRODUCT_NAME = "$(TARGET_NAME)";
				SWIFT_EMIT_LOC_STRINGS = YES;
				SWIFT_VERSION = 5.0;
				TARGETED_DEVICE_FAMILY = "1,2";
			};
			name = Release;
		};
/* End XCBuildConfiguration section */

/* Begin XCConfigurationList section */
		EEDAF2C4282EA0B800768A69 /* Build configuration list for PBXProject "eSports" */ = {
			isa = XCConfigurationList;
			buildConfigurations = (
				EEDAF2D5282EA0BA00768A69 /* Debug */,
				EEDAF2D6282EA0BA00768A69 /* Release */,
			);
			defaultConfigurationIsVisible = 0;
			defaultConfigurationName = Release;
		};
		EEDAF2D7282EA0BA00768A69 /* Build configuration list for PBXNativeTarget "eSports" */ = {
			isa = XCConfigurationList;
			buildConfigurations = (
				EEDAF2D8282EA0BA00768A69 /* Debug */,
				EEDAF2D9282EA0BA00768A69 /* Release */,
			);
			defaultConfigurationIsVisible = 0;
			defaultConfigurationName = Release;
		};
/* End XCConfigurationList section */

/* Begin XCRemoteSwiftPackageReference section */
		EEDAF2FB282F04B900768A69 /* XCRemoteSwiftPackageReference "Alamofire" */ = {
			isa = XCRemoteSwiftPackageReference;
			repositoryURL = "https://github.com/Alamofire/Alamofire.git";
			requirement = {
				kind = upToNextMajorVersion;
				minimumVersion = 5.0.0;
			};
		};
/* End XCRemoteSwiftPackageReference section */

/* Begin XCSwiftPackageProductDependency section */
		EEDAF2FC282F04B900768A69 /* Alamofire */ = {
			isa = XCSwiftPackageProductDependency;
			package = EEDAF2FB282F04B900768A69 /* XCRemoteSwiftPackageReference "Alamofire" */;
			productName = Alamofire;
		};
/* End XCSwiftPackageProductDependency section */
	};
	rootObject = EEDAF2C1282EA0B800768A69 /* Project object */;
}
